
Microsoft Visual Studio Solution File, Format Version 12.00
# Visual Studio Version 17
VisualStudioVersion = 17.4.33213.308
MinimumVisualStudioVersion = 10.0.40219.1
Project("{FAE04EC0-301F-11D3-BF4B-00C04F79EFBC}") = "moxpass", "moxpass\moxpass.csproj", "{513D2507-B173-4EFB-A9AC-1B711B0B046B}"
EndProject
Global
	GlobalSection(SolutionConfigurationPlatforms) = preSolution
		Debug|Any CPU = Debug|Any CPU
		Release|Any CPU = Release|Any CPU
	EndGlobalSection
	GlobalSection(ProjectConfigurationPlatforms) = postSolution
		{513D2507-B173-4EFB-A9AC-1B711B0B046B}.Debug|Any CPU.ActiveCfg = Debug|Any CPU
		{513D2507-B173-4EFB-A9AC-1B711B0B046B}.Debug|Any CPU.Build.0 = Debug|Any CPU
		{513D2507-B173-4EFB-A9AC-1B711B0B046B}.Release|Any CPU.ActiveCfg = Release|Any CPU
		{513D2507-B173-4EFB-A9AC-1B711B0B046B}.Release|Any CPU.Build.0 = Release|Any CPU
	EndGlobalSection
	GlobalSection(SolutionProperties) = preSolution
		HideSolutionNode = FALSE
	EndGlobalSection
	GlobalSection(ExtensibilityGlobals) = postSolution
		SolutionGuid = {A4C974AE-8D4E-4F4F-9C9E-8ECC33A5B708}
	EndGlobalSection
EndGlobal
